
Microsoft Visual Studio Solution File, Format Version 12.00
# Visual Studio Version 16
VisualStudioVersion = 16.0.30804.86
MinimumVisualStudioVersion = 10.0.40219.1
Project("{FAE04EC0-301F-11D3-BF4B-00C04F79EFBC}") = "Hashing", "Hashing\Hashing.csproj", "{B25D4E85-45EE-4D01-A4E2-9CECF7379FAB}"
EndProject
Global
	GlobalSection(SolutionConfigurationPlatforms) = preSolution
		Debug|Any CPU = Debug|Any CPU
		Release|Any CPU = Release|Any CPU
	EndGlobalSection
	GlobalSection(ProjectConfigurationPlatforms) = postSolution
		{B25D4E85-45EE-4D01-A4E2-9CECF7379FAB}.Debug|Any CPU.ActiveCfg = Debug|Any CPU
		{B25D4E85-45EE-4D01-A4E2-9CECF7379FAB}.Debug|Any CPU.Build.0 = Debug|Any CPU
		{B25D4E85-45EE-4D01-A4E2-9CECF7379FAB}.Release|Any CPU.ActiveCfg = Release|Any CPU
		{B25D4E85-45EE-4D01-A4E2-9CECF7379FAB}.Release|Any CPU.Build.0 = Release|Any CPU
	EndGlobalSection
	GlobalSection(SolutionProperties) = preSolution
		HideSolutionNode = FALSE
	EndGlobalSection
	GlobalSection(ExtensibilityGlobals) = postSolution
		SolutionGuid = {A26F06BE-183D-4496-9F58-C68912F811D9}
	EndGlobalSection
EndGlobal
